
Microsoft Visual Studio Solution File, Format Version 12.00
# Visual Studio Version 17
VisualStudioVersion = 17.14.36127.28 d17.14
MinimumVisualStudioVersion = 10.0.40219.1
Project("{FAE04EC0-301F-11D3-BF4B-00C04F79EFBC}") = "Login_RegSystem", "Login_RegSystem\Login_RegSystem.csproj", "{9EFCA020-5E73-493C-81F5-DB074A9E1CE2}"
EndProject
Global
	GlobalSection(SolutionConfigurationPlatforms) = preSolution
		Debug|Any CPU = Debug|Any CPU
		Release|Any CPU = Release|Any CPU
	EndGlobalSection
	GlobalSection(ProjectConfigurationPlatforms) = postSolution
		{9EFCA020-5E73-493C-81F5-DB074A9E1CE2}.Debug|Any CPU.ActiveCfg = Debug|Any CPU
		{9EFCA020-5E73-493C-81F5-DB074A9E1CE2}.Debug|Any CPU.Build.0 = Debug|Any CPU
		{9EFCA020-5E73-493C-81F5-DB074A9E1CE2}.Release|Any CPU.ActiveCfg = Release|Any CPU
		{9EFCA020-5E73-493C-81F5-DB074A9E1CE2}.Release|Any CPU.Build.0 = Release|Any CPU
	EndGlobalSection
	GlobalSection(SolutionProperties) = preSolution
		HideSolutionNode = FALSE
	EndGlobalSection
	GlobalSection(ExtensibilityGlobals) = postSolution
		SolutionGuid = {C213140F-ABF4-430D-AAD5-9A017D68D014}
	EndGlobalSection
EndGlobal
